# THIS IS AN AUTOGENERATED FILE. DO NOT EDIT THIS FILE DIRECTLY.
# yarn lockfile v1


"@prisma/client@^2.22.1":
  version "2.22.1"
  resolved "https://registry.yarnpkg.com/@prisma/client/-/client-2.22.1.tgz#10fdcd1532a6baf46dd1c464cad9a54af0532bc8"
  integrity sha512-JQjbsY6QSfFiovXHEp5WeJHa5p2CuR1ZFPAeYXmUsOAQOaMCrhgQmKAL6w2Q3SRA7ALqPjrKywN9/QfBc4Kp1A==
  dependencies:
    "@prisma/engines-version" "2.22.0-21.60cc71d884972ab4e897f0277c4b84383dddaf6c"

"@prisma/engines-version@2.22.0-21.60cc71d884972ab4e897f0277c4b84383dddaf6c":
  version "2.22.0-21.60cc71d884972ab4e897f0277c4b84383dddaf6c"
  resolved "https://registry.yarnpkg.com/@prisma/engines-version/-/engines-version-2.22.0-21.60cc71d884972ab4e897f0277c4b84383dddaf6c.tgz#e98ee17217a0ebb54f2f9314fbbfd610b05e6e31"
  integrity sha512-OkkVwk6iTzTbwwl8JIKAENyxmh4TFORal55QMKQzrHEY8UzbD0M90mQnmziz3PAopQUZgTFFMlaPAq1WNrLMtA==

"@prisma/engines@2.22.0-21.60cc71d884972ab4e897f0277c4b84383dddaf6c":
  version "2.22.0-21.60cc71d884972ab4e897f0277c4b84383dddaf6c"
  resolved "https://registry.yarnpkg.com/@prisma/engines/-/engines-2.22.0-21.60cc71d884972ab4e897f0277c4b84383dddaf6c.tgz#4ccd255e0823605db3d8387a5195b6fdabe3b0c0"
  integrity sha512-KmWdogrsfsSLYvfqY3cS3QcDGzaEFklE+T6dNJf+k/KPQum4A29IwDalafMwh5cMN8ivZobUbowNSwWJrMT08Q==

prisma@^2.22.0:
  version "2.22.1"
  resolved "https://registry.yarnpkg.com/prisma/-/prisma-2.22.1.tgz#884687a90c7b797b34c6110ea413049078c8da6e"
  integrity sha512-hwvCM3zyxgSda/+/p+GW7nz93jRebtMU01wAG7YVVnl0OKU+dpw1wPvPFmQRldkZHk8fTCleYmjc24WaSdVPZQ==
  dependencies:
    "@prisma/engines" "2.22.0-21.60cc71d884972ab4e897f0277c4b84383dddaf6c"
